
Microsoft Visual Studio Solution File, Format Version 12.00
# Visual Studio 14
VisualStudioVersion = 14.0.25420.1
MinimumVisualStudioVersion = 10.0.40219.1
Project("{D2ABAB84-BF74-430A-B69E-9DC6D40DDA17}") = "TK 70-448", "TK 70-448\TK 70-448.dwproj", "{0D258175-ACEF-4A0A-8B4A-C402F20D72FF}"
EndProject
Global
	GlobalSection(SolutionConfigurationPlatforms) = preSolution
		Development|Default = Development|Default
	EndGlobalSection
	GlobalSection(ProjectConfigurationPlatforms) = postSolution
		{0D258175-ACEF-4A0A-8B4A-C402F20D72FF}.Development|Default.ActiveCfg = Development
		{0D258175-ACEF-4A0A-8B4A-C402F20D72FF}.Development|Default.Build.0 = Development
		{0D258175-ACEF-4A0A-8B4A-C402F20D72FF}.Development|Default.Deploy.0 = Development
	EndGlobalSection
	GlobalSection(SolutionProperties) = preSolution
		HideSolutionNode = FALSE
	EndGlobalSection
EndGlobal
